
Microsoft Visual Studio Solution File, Format Version 12.00
# Visual Studio Version 16
VisualStudioVersion = 16.0.30413.136
MinimumVisualStudioVersion = 10.0.40219.1
Project("{8BC9CEB8-8B4A-11D0-8D11-00A0C91BC942}") = "GamerGame", "GamerGame.vcxproj", "{5EC47867-F8FE-466F-A3FC-0F641C6C94A8}"
EndProject
Global
	GlobalSection(SolutionConfigurationPlatforms) = preSolution
		Debug|x64 = Debug|x64
		Debug|x86 = Debug|x86
		Release|x64 = Release|x64
		Release|x86 = Release|x86
	EndGlobalSection
	GlobalSection(ProjectConfigurationPlatforms) = postSolution
		{5EC47867-F8FE-466F-A3FC-0F641C6C94A8}.Debug|x64.ActiveCfg = Debug|x64
		{5EC47867-F8FE-466F-A3FC-0F641C6C94A8}.Debug|x64.Build.0 = Debug|x64
		{5EC47867-F8FE-466F-A3FC-0F641C6C94A8}.Debug|x86.ActiveCfg = Debug|Win32
		{5EC47867-F8FE-466F-A3FC-0F641C6C94A8}.Debug|x86.Build.0 = Debug|Win32
		{5EC47867-F8FE-466F-A3FC-0F641C6C94A8}.Release|x64.ActiveCfg = Release|x64
		{5EC47867-F8FE-466F-A3FC-0F641C6C94A8}.Release|x64.Build.0 = Release|x64
		{5EC47867-F8FE-466F-A3FC-0F641C6C94A8}.Release|x86.ActiveCfg = Release|Win32
		{5EC47867-F8FE-466F-A3FC-0F641C6C94A8}.Release|x86.Build.0 = Release|Win32
	EndGlobalSection
	GlobalSection(SolutionProperties) = preSolution
		HideSolutionNode = FALSE
	EndGlobalSection
	GlobalSection(ExtensibilityGlobals) = postSolution
		SolutionGuid = {92FEFBB5-E1FF-4FB9-B53C-46804E51F3B3}
	EndGlobalSection
EndGlobal
